{
  "nodes": {
    "darwin": {
      "inputs": {
        "nixpkgs": [
          "nixpkgs"
        ]
      },
      "locked": {
        "lastModified": 1673295039,
        "narHash": "sha256-AsdYgE8/GPwcelGgrntlijMg4t3hLFJFCRF3tL5WVjA=",
        "owner": "lnl7",
        "repo": "nix-darwin",
        "rev": "87b9d090ad39b25b2400029c64825fc2a8868943",
        "type": "github"
      },
      "original": {
        "owner": "lnl7",
        "ref": "master",
        "repo": "nix-darwin",
        "type": "github"
      }
    },
    "emacs": {
      "inputs": {
        "flake-utils": [
          "flake-utils"
        ],
        "nixpkgs": [
          "nixpkgs"
        ]
      },
      "locked": {
        "lastModified": 1678904018,
        "narHash": "sha256-70rkZAdsgg3rUobATcK5NeG7YpSpkeMENdLZsWSIfJY=",
        "owner": "nix-community",
        "repo": "emacs-overlay",
        "rev": "2e45b7cbdc64c3e56655cc097b17d8bdb3fbc1a7",
        "type": "github"
      },
      "original": {
        "owner": "nix-community",
        "repo": "emacs-overlay",
        "type": "github"
      }
    },
    "flake-utils": {
      "locked": {
        "lastModified": 1678901627,
        "narHash": "sha256-U02riOqrKKzwjsxc/400XnElV+UtPUQWpANPlyazjH0=",
        "owner": "numtide",
        "repo": "flake-utils",
        "rev": "93a2b84fc4b70d9e089d029deacc3583435c2ed6",
        "type": "github"
      },
      "original": {
        "owner": "numtide",
        "repo": "flake-utils",
        "type": "github"
      }
    },
    "home-manager": {
      "inputs": {
        "nixpkgs": [
          "nixpkgs"
        ],
        "utils": "utils"
      },
      "locked": {
        "lastModified": 1678673526,
        "narHash": "sha256-tMI1inGT9u4KWQml0w30dhWqQPlth1e9K/68sfDkEQA=",
        "owner": "nix-community",
        "repo": "home-manager",
        "rev": "74e0b590c0c8eb99548b8db40c323ff61a2f37c4",
        "type": "github"
      },
      "original": {
        "owner": "nix-community",
        "ref": "release-22.11",
        "repo": "home-manager",
        "type": "github"
      }
    },
    "ledger-flake": {
      "inputs": {
        "nixpkgs": [
          "nixpkgs"
        ]
      },
      "locked": {
        "lastModified": 1677840579,
        "narHash": "sha256-CnMzsFKBNiXmatgY7aiK8UCqIL6qifA4KbV6BJaza40=",
        "owner": "ledger",
        "repo": "ledger",
        "rev": "5c107db1b5fb69245075ee324544a853637d355c",
        "type": "github"
      },
      "original": {
        "owner": "ledger",
        "ref": "v3.3.1",
        "repo": "ledger",
        "type": "github"
      }
    },
    "nixpkgs": {
      "locked": {
        "lastModified": 1678761643,
        "narHash": "sha256-tapXZvg6Kg5Fm7Fm6i+7cRC5Exp2lX7cgMrqsfrGhuc=",
        "owner": "nixos",
        "repo": "nixpkgs",
        "rev": "c4aec3c021620d98861639946123214207e98344",
        "type": "github"
      },
      "original": {
        "owner": "nixos",
        "ref": "nixos-22.11",
        "repo": "nixpkgs",
        "type": "github"
      }
    },
    "nixpkgs-unstable": {
      "locked": {
        "lastModified": 1678819893,
        "narHash": "sha256-lfA6WGdxPsPkBK5Y19ltr5Sn7v7MlT+jpZ4nUgco0Xs=",
        "owner": "nixos",
        "repo": "nixpkgs",
        "rev": "7067edc68c035e21780259ed2d26e1f164addaa2",
        "type": "github"
      },
      "original": {
        "owner": "nixos",
        "ref": "nixos-unstable",
        "repo": "nixpkgs",
        "type": "github"
      }
    },
    "root": {
      "inputs": {
        "darwin": "darwin",
        "emacs": "emacs",
        "flake-utils": "flake-utils",
        "home-manager": "home-manager",
        "ledger-flake": "ledger-flake",
        "nixpkgs": "nixpkgs",
        "nixpkgs-unstable": "nixpkgs-unstable"
      }
    },
    "utils": {
      "locked": {
        "lastModified": 1667395993,
        "narHash": "sha256-nuEHfE/LcWyuSWnS8t12N1wc105Qtau+/OdUAjtQ0rA=",
        "owner": "numtide",
        "repo": "flake-utils",
        "rev": "5aed5285a952e0b949eb3ba02c12fa4fcfef535f",
        "type": "github"
      },
      "original": {
        "owner": "numtide",
        "repo": "flake-utils",
        "type": "github"
      }
    }
  },
  "root": "root",
  "version": 7
}
